
Microsoft Visual Studio Solution File, Format Version 12.00
# Visual Studio Version 17
VisualStudioVersion = 17.9.34622.214
MinimumVisualStudioVersion = 10.0.40219.1
Project("{FAE04EC0-301F-11D3-BF4B-00C04F79EFBC}") = "MVVMStepByStep", "MVVMStepByStep\MVVMStepByStep.csproj", "{06DA369B-0FB9-4E9C-A378-1FE89E41C535}"
EndProject
Global
	GlobalSection(SolutionConfigurationPlatforms) = preSolution
		Debug|Any CPU = Debug|Any CPU
		Release|Any CPU = Release|Any CPU
	EndGlobalSection
	GlobalSection(ProjectConfigurationPlatforms) = postSolution
		{06DA369B-0FB9-4E9C-A378-1FE89E41C535}.Debug|Any CPU.ActiveCfg = Debug|Any CPU
		{06DA369B-0FB9-4E9C-A378-1FE89E41C535}.Debug|Any CPU.Build.0 = Debug|Any CPU
		{06DA369B-0FB9-4E9C-A378-1FE89E41C535}.Release|Any CPU.ActiveCfg = Release|Any CPU
		{06DA369B-0FB9-4E9C-A378-1FE89E41C535}.Release|Any CPU.Build.0 = Release|Any CPU
	EndGlobalSection
	GlobalSection(SolutionProperties) = preSolution
		HideSolutionNode = FALSE
	EndGlobalSection
	GlobalSection(ExtensibilityGlobals) = postSolution
		SolutionGuid = {EF1525CF-B152-4CBD-82C8-DC1A40CE2835}
	EndGlobalSection
EndGlobal
